# THIS IS AN AUTOGENERATED FILE. DO NOT EDIT THIS FILE DIRECTLY.
# yarn lockfile v1


json-patch@^0.7.0:
  version "0.7.0"
  resolved "https://registry.yarnpkg.com/json-patch/-/json-patch-0.7.0.tgz#2598958ea67fa3660dae8ee684d35407b37f4b98"
  integrity sha512-9zaGTzsV6Hal5HVMC8kb4niXYQOOcq3tUp0P/GTw6HHZFPVwtCU2+mXE9q59MelL9uknALWnoKrUxnDpUX728g==
